
Microsoft Visual Studio Solution File, Format Version 12.00
# Visual Studio Version 16
VisualStudioVersion = 16.0.31112.23
MinimumVisualStudioVersion = 10.0.40219.1
Project("{2150E333-8FDC-42A3-9474-1A3956D46DE8}") = "ApiGateway", "ApiGateway", "{820F4CF4-99B7-4A00-BB6E-C88C4467C2E9}"
EndProject
Project("{2150E333-8FDC-42A3-9474-1A3956D46DE8}") = "Services", "Services", "{871064D5-9A6C-4BA3-BB93-BC3B44EFE51A}"
EndProject
Project("{2150E333-8FDC-42A3-9474-1A3956D46DE8}") = "CoreApi", "CoreApi", "{DC003BE9-5FAE-4FFC-A6C4-C8E88EC382F5}"
EndProject
Project("{9A19103F-16F7-4668-BE54-9A1E7A4F7556}") = "Core.Api", "Core.Api\Core.Api.csproj", "{E029FC9D-FE1F-418B-A814-EC685A2B5A41}"
EndProject
Project("{9A19103F-16F7-4668-BE54-9A1E7A4F7556}") = "Core.Models", "Core.Models\Core.Models.csproj", "{007B6BF8-F39D-4572-BB9C-3AF6F174E6C3}"
EndProject
Project("{9A19103F-16F7-4668-BE54-9A1E7A4F7556}") = "Core.Services", "Core.Services\Core.Services.csproj", "{C6EBFD24-21AE-41E7-A416-82633472B8A9}"
EndProject
Project("{9A19103F-16F7-4668-BE54-9A1E7A4F7556}") = "Core.Infrastructure", "Core.Infrastructure\Core.Infrastructure.csproj", "{2AA02FE6-502F-4409-91E3-A1BAB5F7718F}"
EndProject
Project("{9A19103F-16F7-4668-BE54-9A1E7A4F7556}") = "Core.Settings", "Core.Settings\Core.Settings.csproj", "{18AF146B-14A8-4724-A26B-3F7126D962A8}"
EndProject
Project("{2150E333-8FDC-42A3-9474-1A3956D46DE8}") = "ManagementApi", "ManagementApi", "{EE328DB0-DB5B-4A82-B67A-3BD7E9A6DF02}"
EndProject
Project("{9A19103F-16F7-4668-BE54-9A1E7A4F7556}") = "Management.Api", "Management.Api\Management.Api.csproj", "{00EDBC56-24E8-405A-A99A-235482AC6DCB}"
EndProject
Project("{9A19103F-16F7-4668-BE54-9A1E7A4F7556}") = "GatewayApi", "GatewayApi\GatewayApi.csproj", "{9DC133B8-9BFF-4859-8B5B-42FEF8EE38A3}"
EndProject
Project("{FAE04EC0-301F-11D3-BF4B-00C04F79EFBC}") = "Management.Services", "Management.Services\Management.Services.csproj", "{49A8C4FC-A78B-4288-B3BE-178228B82638}"
EndProject
Project("{FAE04EC0-301F-11D3-BF4B-00C04F79EFBC}") = "Management.Model", "Management.Model\Management.Model.csproj", "{0D413DD4-EA87-4475-AFAA-C22D964E8A77}"
EndProject
Project("{FAE04EC0-301F-11D3-BF4B-00C04F79EFBC}") = "Management.Infrastructure", "Management.Infrastructure\Management.Infrastructure.csproj", "{8861EA97-1211-4BBE-9FDE-CC9E96B0491C}"
EndProject
Project("{FAE04EC0-301F-11D3-BF4B-00C04F79EFBC}") = "Management.Settings", "Management.Settings\Management.Settings.csproj", "{A888C427-6F36-4B29-8AE4-79645F04BC60}"
EndProject
Global
	GlobalSection(SolutionConfigurationPlatforms) = preSolution
		Debug|Any CPU = Debug|Any CPU
		Release|Any CPU = Release|Any CPU
	EndGlobalSection
	GlobalSection(ProjectConfigurationPlatforms) = postSolution
		{E029FC9D-FE1F-418B-A814-EC685A2B5A41}.Debug|Any CPU.ActiveCfg = Debug|Any CPU
		{E029FC9D-FE1F-418B-A814-EC685A2B5A41}.Debug|Any CPU.Build.0 = Debug|Any CPU
		{E029FC9D-FE1F-418B-A814-EC685A2B5A41}.Release|Any CPU.ActiveCfg = Release|Any CPU
		{E029FC9D-FE1F-418B-A814-EC685A2B5A41}.Release|Any CPU.Build.0 = Release|Any CPU
		{007B6BF8-F39D-4572-BB9C-3AF6F174E6C3}.Debug|Any CPU.ActiveCfg = Debug|Any CPU
		{007B6BF8-F39D-4572-BB9C-3AF6F174E6C3}.Debug|Any CPU.Build.0 = Debug|Any CPU
		{007B6BF8-F39D-4572-BB9C-3AF6F174E6C3}.Release|Any CPU.ActiveCfg = Release|Any CPU
		{007B6BF8-F39D-4572-BB9C-3AF6F174E6C3}.Release|Any CPU.Build.0 = Release|Any CPU
		{C6EBFD24-21AE-41E7-A416-82633472B8A9}.Debug|Any CPU.ActiveCfg = Debug|Any CPU
		{C6EBFD24-21AE-41E7-A416-82633472B8A9}.Debug|Any CPU.Build.0 = Debug|Any CPU
		{C6EBFD24-21AE-41E7-A416-82633472B8A9}.Release|Any CPU.ActiveCfg = Release|Any CPU
		{C6EBFD24-21AE-41E7-A416-82633472B8A9}.Release|Any CPU.Build.0 = Release|Any CPU
		{2AA02FE6-502F-4409-91E3-A1BAB5F7718F}.Debug|Any CPU.ActiveCfg = Debug|Any CPU
		{2AA02FE6-502F-4409-91E3-A1BAB5F7718F}.Debug|Any CPU.Build.0 = Debug|Any CPU
		{2AA02FE6-502F-4409-91E3-A1BAB5F7718F}.Release|Any CPU.ActiveCfg = Release|Any CPU
		{2AA02FE6-502F-4409-91E3-A1BAB5F7718F}.Release|Any CPU.Build.0 = Release|Any CPU
		{18AF146B-14A8-4724-A26B-3F7126D962A8}.Debug|Any CPU.ActiveCfg = Debug|Any CPU
		{18AF146B-14A8-4724-A26B-3F7126D962A8}.Debug|Any CPU.Build.0 = Debug|Any CPU
		{18AF146B-14A8-4724-A26B-3F7126D962A8}.Release|Any CPU.ActiveCfg = Release|Any CPU
		{18AF146B-14A8-4724-A26B-3F7126D962A8}.Release|Any CPU.Build.0 = Release|Any CPU
		{00EDBC56-24E8-405A-A99A-235482AC6DCB}.Debug|Any CPU.ActiveCfg = Debug|Any CPU
		{00EDBC56-24E8-405A-A99A-235482AC6DCB}.Debug|Any CPU.Build.0 = Debug|Any CPU
		{00EDBC56-24E8-405A-A99A-235482AC6DCB}.Release|Any CPU.ActiveCfg = Release|Any CPU
		{00EDBC56-24E8-405A-A99A-235482AC6DCB}.Release|Any CPU.Build.0 = Release|Any CPU
		{9DC133B8-9BFF-4859-8B5B-42FEF8EE38A3}.Debug|Any CPU.ActiveCfg = Debug|Any CPU
		{9DC133B8-9BFF-4859-8B5B-42FEF8EE38A3}.Debug|Any CPU.Build.0 = Debug|Any CPU
		{9DC133B8-9BFF-4859-8B5B-42FEF8EE38A3}.Release|Any CPU.ActiveCfg = Release|Any CPU
		{9DC133B8-9BFF-4859-8B5B-42FEF8EE38A3}.Release|Any CPU.Build.0 = Release|Any CPU
		{49A8C4FC-A78B-4288-B3BE-178228B82638}.Debug|Any CPU.ActiveCfg = Debug|Any CPU
		{49A8C4FC-A78B-4288-B3BE-178228B82638}.Debug|Any CPU.Build.0 = Debug|Any CPU
		{49A8C4FC-A78B-4288-B3BE-178228B82638}.Release|Any CPU.ActiveCfg = Release|Any CPU
		{49A8C4FC-A78B-4288-B3BE-178228B82638}.Release|Any CPU.Build.0 = Release|Any CPU
		{0D413DD4-EA87-4475-AFAA-C22D964E8A77}.Debug|Any CPU.ActiveCfg = Debug|Any CPU
		{0D413DD4-EA87-4475-AFAA-C22D964E8A77}.Debug|Any CPU.Build.0 = Debug|Any CPU
		{0D413DD4-EA87-4475-AFAA-C22D964E8A77}.Release|Any CPU.ActiveCfg = Release|Any CPU
		{0D413DD4-EA87-4475-AFAA-C22D964E8A77}.Release|Any CPU.Build.0 = Release|Any CPU
		{8861EA97-1211-4BBE-9FDE-CC9E96B0491C}.Debug|Any CPU.ActiveCfg = Debug|Any CPU
		{8861EA97-1211-4BBE-9FDE-CC9E96B0491C}.Debug|Any CPU.Build.0 = Debug|Any CPU
		{8861EA97-1211-4BBE-9FDE-CC9E96B0491C}.Release|Any CPU.ActiveCfg = Release|Any CPU
		{8861EA97-1211-4BBE-9FDE-CC9E96B0491C}.Release|Any CPU.Build.0 = Release|Any CPU
		{A888C427-6F36-4B29-8AE4-79645F04BC60}.Debug|Any CPU.ActiveCfg = Debug|Any CPU
		{A888C427-6F36-4B29-8AE4-79645F04BC60}.Debug|Any CPU.Build.0 = Debug|Any CPU
		{A888C427-6F36-4B29-8AE4-79645F04BC60}.Release|Any CPU.ActiveCfg = Release|Any CPU
		{A888C427-6F36-4B29-8AE4-79645F04BC60}.Release|Any CPU.Build.0 = Release|Any CPU
	EndGlobalSection
	GlobalSection(SolutionProperties) = preSolution
		HideSolutionNode = FALSE
	EndGlobalSection
	GlobalSection(NestedProjects) = preSolution
		{DC003BE9-5FAE-4FFC-A6C4-C8E88EC382F5} = {871064D5-9A6C-4BA3-BB93-BC3B44EFE51A}
		{E029FC9D-FE1F-418B-A814-EC685A2B5A41} = {DC003BE9-5FAE-4FFC-A6C4-C8E88EC382F5}
		{007B6BF8-F39D-4572-BB9C-3AF6F174E6C3} = {DC003BE9-5FAE-4FFC-A6C4-C8E88EC382F5}
		{C6EBFD24-21AE-41E7-A416-82633472B8A9} = {DC003BE9-5FAE-4FFC-A6C4-C8E88EC382F5}
		{2AA02FE6-502F-4409-91E3-A1BAB5F7718F} = {DC003BE9-5FAE-4FFC-A6C4-C8E88EC382F5}
		{18AF146B-14A8-4724-A26B-3F7126D962A8} = {DC003BE9-5FAE-4FFC-A6C4-C8E88EC382F5}
		{EE328DB0-DB5B-4A82-B67A-3BD7E9A6DF02} = {871064D5-9A6C-4BA3-BB93-BC3B44EFE51A}
		{00EDBC56-24E8-405A-A99A-235482AC6DCB} = {EE328DB0-DB5B-4A82-B67A-3BD7E9A6DF02}
		{9DC133B8-9BFF-4859-8B5B-42FEF8EE38A3} = {820F4CF4-99B7-4A00-BB6E-C88C4467C2E9}
		{49A8C4FC-A78B-4288-B3BE-178228B82638} = {EE328DB0-DB5B-4A82-B67A-3BD7E9A6DF02}
		{0D413DD4-EA87-4475-AFAA-C22D964E8A77} = {EE328DB0-DB5B-4A82-B67A-3BD7E9A6DF02}
		{8861EA97-1211-4BBE-9FDE-CC9E96B0491C} = {EE328DB0-DB5B-4A82-B67A-3BD7E9A6DF02}
		{A888C427-6F36-4B29-8AE4-79645F04BC60} = {EE328DB0-DB5B-4A82-B67A-3BD7E9A6DF02}
	EndGlobalSection
	GlobalSection(ExtensibilityGlobals) = postSolution
		SolutionGuid = {6A168044-05F5-4C99-A37D-1838778976DF}
	EndGlobalSection
EndGlobal
